
Microsoft Visual Studio Solution File, Format Version 12.00
# Visual Studio 14
VisualStudioVersion = 14.0.25420.1
MinimumVisualStudioVersion = 10.0.40219.1
Project("{FAE04EC0-301F-11D3-BF4B-00C04F79EFBC}") = "SymulatorGierLosowych", "SymulatorGierLosowych\SymulatorGierLosowych.csproj", "{6F5AB683-65D6-4A49-90B8-CFF5F6E21549}"
EndProject
Project("{FAE04EC0-301F-11D3-BF4B-00C04F79EFBC}") = "SymulatorGierLosowych.Tests", "SymulatorGierLosowych.Tests\SymulatorGierLosowych.Tests.csproj", "{E853A801-AD11-4FC7-ADE7-8858943AC7C6}"
EndProject
Global
	GlobalSection(SolutionConfigurationPlatforms) = preSolution
		Debug|Any CPU = Debug|Any CPU
		Release|Any CPU = Release|Any CPU
	EndGlobalSection
	GlobalSection(ProjectConfigurationPlatforms) = postSolution
		{6F5AB683-65D6-4A49-90B8-CFF5F6E21549}.Debug|Any CPU.ActiveCfg = Debug|Any CPU
		{6F5AB683-65D6-4A49-90B8-CFF5F6E21549}.Debug|Any CPU.Build.0 = Debug|Any CPU
		{6F5AB683-65D6-4A49-90B8-CFF5F6E21549}.Release|Any CPU.ActiveCfg = Release|Any CPU
		{6F5AB683-65D6-4A49-90B8-CFF5F6E21549}.Release|Any CPU.Build.0 = Release|Any CPU
		{E853A801-AD11-4FC7-ADE7-8858943AC7C6}.Debug|Any CPU.ActiveCfg = Debug|Any CPU
		{E853A801-AD11-4FC7-ADE7-8858943AC7C6}.Debug|Any CPU.Build.0 = Debug|Any CPU
		{E853A801-AD11-4FC7-ADE7-8858943AC7C6}.Release|Any CPU.ActiveCfg = Release|Any CPU
		{E853A801-AD11-4FC7-ADE7-8858943AC7C6}.Release|Any CPU.Build.0 = Release|Any CPU
	EndGlobalSection
	GlobalSection(SolutionProperties) = preSolution
		HideSolutionNode = FALSE
	EndGlobalSection
EndGlobal
