
Microsoft Visual Studio Solution File, Format Version 12.00
# Visual Studio 14
VisualStudioVersion = 14.0.25420.1
MinimumVisualStudioVersion = 10.0.40219.1
Project("{FAE04EC0-301F-11D3-BF4B-00C04F79EFBC}") = "SymulatorGierLosowych", "SymulatorGierLosowych\SymulatorGierLosowych.csproj", "{D390C854-F4A8-488B-B6B1-40FF64B6AE95}"
EndProject
Project("{FAE04EC0-301F-11D3-BF4B-00C04F79EFBC}") = "SymulatorGierLosowych.Tests", "SymulatorGierLosowych.Tests\SymulatorGierLosowych.Tests.csproj", "{213300B5-E838-47A6-BC7E-A083BB788726}"
EndProject
Global
	GlobalSection(SolutionConfigurationPlatforms) = preSolution
		Debug|Any CPU = Debug|Any CPU
		Release|Any CPU = Release|Any CPU
	EndGlobalSection
	GlobalSection(ProjectConfigurationPlatforms) = postSolution
		{D390C854-F4A8-488B-B6B1-40FF64B6AE95}.Debug|Any CPU.ActiveCfg = Debug|Any CPU
		{D390C854-F4A8-488B-B6B1-40FF64B6AE95}.Debug|Any CPU.Build.0 = Debug|Any CPU
		{D390C854-F4A8-488B-B6B1-40FF64B6AE95}.Release|Any CPU.ActiveCfg = Release|Any CPU
		{D390C854-F4A8-488B-B6B1-40FF64B6AE95}.Release|Any CPU.Build.0 = Release|Any CPU
		{213300B5-E838-47A6-BC7E-A083BB788726}.Debug|Any CPU.ActiveCfg = Debug|Any CPU
		{213300B5-E838-47A6-BC7E-A083BB788726}.Debug|Any CPU.Build.0 = Debug|Any CPU
		{213300B5-E838-47A6-BC7E-A083BB788726}.Release|Any CPU.ActiveCfg = Release|Any CPU
		{213300B5-E838-47A6-BC7E-A083BB788726}.Release|Any CPU.Build.0 = Release|Any CPU
	EndGlobalSection
	GlobalSection(SolutionProperties) = preSolution
		HideSolutionNode = FALSE
	EndGlobalSection
EndGlobal
